// !$*UTF8*$!
{
	archiveVersion = 1;
	classes = {
	};
	objectVersion = 55;
	objects = {

/* Begin PBXBuildFile section */
		ECBEEF002881DA6A00282F3D /* AddContactViewController.swift in Sources */ = {isa = PBXBuildFile; fileRef = ECBEEEFF2881DA6A00282F3D /* AddContactViewController.swift */; };
		ECBEEF032881DA7700282F3D /* AddContactViewModel.swift in Sources */ = {isa = PBXBuildFile; fileRef = ECBEEF022881DA7700282F3D /* AddContactViewModel.swift */; };
		ECE18D1F28818E4A003629AB /* AppDelegate.swift in Sources */ = {isa = PBXBuildFile; fileRef = ECE18D1E28818E4A003629AB /* AppDelegate.swift */; };
		ECE18D2128818E4A003629AB /* SceneDelegate.swift in Sources */ = {isa = PBXBuildFile; fileRef = ECE18D2028818E4A003629AB /* SceneDelegate.swift */; };
		ECE18D2328818E4A003629AB /* MainViewController.swift in Sources */ = {isa = PBXBuildFile; fileRef = ECE18D2228818E4A003629AB /* MainViewController.swift */; };
		ECE18D2928818E4A003629AB /* PagoApp.xcdatamodeld in Sources */ = {isa = PBXBuildFile; fileRef = ECE18D2728818E4A003629AB /* PagoApp.xcdatamodeld */; };
		ECE18D2B28818E4B003629AB /* Assets.xcassets in Resources */ = {isa = PBXBuildFile; fileRef = ECE18D2A28818E4B003629AB /* Assets.xcassets */; };
		ECE18D2E28818E4B003629AB /* LaunchScreen.storyboard in Resources */ = {isa = PBXBuildFile; fileRef = ECE18D2C28818E4B003629AB /* LaunchScreen.storyboard */; };
		ECE18D362881916A003629AB /* ContactModel.swift in Sources */ = {isa = PBXBuildFile; fileRef = ECE18D352881916A003629AB /* ContactModel.swift */; };
		ECE18D39288191AA003629AB /* BackendService.swift in Sources */ = {isa = PBXBuildFile; fileRef = ECE18D38288191AA003629AB /* BackendService.swift */; };
		ECE18D3C28819432003629AB /* HTTPClient + Configuration.swift in Sources */ = {isa = PBXBuildFile; fileRef = ECE18D3B28819432003629AB /* HTTPClient + Configuration.swift */; };
		ECE18D3E288194A2003629AB /* HTTPClient.swift in Sources */ = {isa = PBXBuildFile; fileRef = ECE18D3D288194A2003629AB /* HTTPClient.swift */; };
		ECE18D4028819534003629AB /* HTTPRequest.swift in Sources */ = {isa = PBXBuildFile; fileRef = ECE18D3F28819534003629AB /* HTTPRequest.swift */; };
		ECE18D4228819554003629AB /* HTTPrequestError.swift in Sources */ = {isa = PBXBuildFile; fileRef = ECE18D4128819554003629AB /* HTTPrequestError.swift */; };
		ECE18D4428819769003629AB /* Constants.swift in Sources */ = {isa = PBXBuildFile; fileRef = ECE18D4328819769003629AB /* Constants.swift */; };
		ECE18D4828819DBB003629AB /* Main.storyboard in Resources */ = {isa = PBXBuildFile; fileRef = ECE18D4728819DBB003629AB /* Main.storyboard */; };
		ECE18D4B28819DE0003629AB /* MainViewModel.swift in Sources */ = {isa = PBXBuildFile; fileRef = ECE18D4A28819DE0003629AB /* MainViewModel.swift */; };
		ECE18D4D28819E13003629AB /* ContactCell.swift in Sources */ = {isa = PBXBuildFile; fileRef = ECE18D4C28819E13003629AB /* ContactCell.swift */; };
		ECE18D512881B578003629AB /* UIColor + Extensions.swift in Sources */ = {isa = PBXBuildFile; fileRef = ECE18D502881B578003629AB /* UIColor + Extensions.swift */; };
		ECF23A152882B05600551AC8 /* MainScreenView.swift in Sources */ = {isa = PBXBuildFile; fileRef = ECF23A142882B05600551AC8 /* MainScreenView.swift */; };
		ECF23A182882B08B00551AC8 /* MainScreenViewModel.swift in Sources */ = {isa = PBXBuildFile; fileRef = ECF23A172882B08B00551AC8 /* MainScreenViewModel.swift */; };
		ECF23A1A2882B09F00551AC8 /* MainScreenViewController.swift in Sources */ = {isa = PBXBuildFile; fileRef = ECF23A192882B09F00551AC8 /* MainScreenViewController.swift */; };
		ECF23A1C2882B0CF00551AC8 /* View + Extensions.swift in Sources */ = {isa = PBXBuildFile; fileRef = ECF23A1B2882B0CF00551AC8 /* View + Extensions.swift */; };
		ECF23A1F2882B45200551AC8 /* ContactView.swift in Sources */ = {isa = PBXBuildFile; fileRef = ECF23A1E2882B45200551AC8 /* ContactView.swift */; };
		ECF23A212882BC4500551AC8 /* Int + Extensions.swift in Sources */ = {isa = PBXBuildFile; fileRef = ECF23A202882BC4500551AC8 /* Int + Extensions.swift */; };
		ECF23A232882C0B300551AC8 /* NavigationBar.swift in Sources */ = {isa = PBXBuildFile; fileRef = ECF23A222882C0B300551AC8 /* NavigationBar.swift */; };
		ECF23A262882C41C00551AC8 /* AddContactView.swift in Sources */ = {isa = PBXBuildFile; fileRef = ECF23A252882C41C00551AC8 /* AddContactView.swift */; };
		ECF23A292882C45600551AC8 /* AddContactViewModel_.swift in Sources */ = {isa = PBXBuildFile; fileRef = ECF23A282882C45600551AC8 /* AddContactViewModel_.swift */; };
		ECF23A2B2882C46400551AC8 /* AddContactViewController_.swift in Sources */ = {isa = PBXBuildFile; fileRef = ECF23A2A2882C46400551AC8 /* AddContactViewController_.swift */; };
		ECF23A2D2882C97600551AC8 /* Buttons.swift in Sources */ = {isa = PBXBuildFile; fileRef = ECF23A2C2882C97600551AC8 /* Buttons.swift */; };
		ECF23A302882CF0800551AC8 /* InputField.swift in Sources */ = {isa = PBXBuildFile; fileRef = ECF23A2F2882CF0800551AC8 /* InputField.swift */; };
		ECF23A322882DFC500551AC8 /* Validation.swift in Sources */ = {isa = PBXBuildFile; fileRef = ECF23A312882DFC500551AC8 /* Validation.swift */; };
		ECF23A342882E6DA00551AC8 /* Task + Extensions.swift in Sources */ = {isa = PBXBuildFile; fileRef = ECF23A332882E6DA00551AC8 /* Task + Extensions.swift */; };
		ECF23A362882E83500551AC8 /* ContactsDataSource.swift in Sources */ = {isa = PBXBuildFile; fileRef = ECF23A352882E83500551AC8 /* ContactsDataSource.swift */; };
/* End PBXBuildFile section */

/* Begin PBXFileReference section */
		ECBEEEFF2881DA6A00282F3D /* AddContactViewController.swift */ = {isa = PBXFileReference; lastKnownFileType = sourcecode.swift; path = AddContactViewController.swift; sourceTree = "<group>"; };
		ECBEEF022881DA7700282F3D /* AddContactViewModel.swift */ = {isa = PBXFileReference; lastKnownFileType = sourcecode.swift; path = AddContactViewModel.swift; sourceTree = "<group>"; };
		ECE18D1B28818E4A003629AB /* PagoApp.app */ = {isa = PBXFileReference; explicitFileType = wrapper.application; includeInIndex = 0; path = PagoApp.app; sourceTree = BUILT_PRODUCTS_DIR; };
		ECE18D1E28818E4A003629AB /* AppDelegate.swift */ = {isa = PBXFileReference; lastKnownFileType = sourcecode.swift; path = AppDelegate.swift; sourceTree = "<group>"; };
		ECE18D2028818E4A003629AB /* SceneDelegate.swift */ = {isa = PBXFileReference; lastKnownFileType = sourcecode.swift; path = SceneDelegate.swift; sourceTree = "<group>"; };
		ECE18D2228818E4A003629AB /* MainViewController.swift */ = {isa = PBXFileReference; lastKnownFileType = sourcecode.swift; path = MainViewController.swift; sourceTree = "<group>"; };
		ECE18D2828818E4A003629AB /* PagoApp.xcdatamodel */ = {isa = PBXFileReference; lastKnownFileType = wrapper.xcdatamodel; path = PagoApp.xcdatamodel; sourceTree = "<group>"; };
		ECE18D2A28818E4B003629AB /* Assets.xcassets */ = {isa = PBXFileReference; lastKnownFileType = folder.assetcatalog; path = Assets.xcassets; sourceTree = "<group>"; };
		ECE18D2D28818E4B003629AB /* Base */ = {isa = PBXFileReference; lastKnownFileType = file.storyboard; name = Base; path = Base.lproj/LaunchScreen.storyboard; sourceTree = "<group>"; };
		ECE18D2F28818E4B003629AB /* Info.plist */ = {isa = PBXFileReference; lastKnownFileType = text.plist.xml; path = Info.plist; sourceTree = "<group>"; };
		ECE18D352881916A003629AB /* ContactModel.swift */ = {isa = PBXFileReference; lastKnownFileType = sourcecode.swift; path = ContactModel.swift; sourceTree = "<group>"; };
		ECE18D38288191AA003629AB /* BackendService.swift */ = {isa = PBXFileReference; lastKnownFileType = sourcecode.swift; path = BackendService.swift; sourceTree = "<group>"; };
		ECE18D3B28819432003629AB /* HTTPClient + Configuration.swift */ = {isa = PBXFileReference; lastKnownFileType = sourcecode.swift; path = "HTTPClient + Configuration.swift"; sourceTree = "<group>"; };
		ECE18D3D288194A2003629AB /* HTTPClient.swift */ = {isa = PBXFileReference; lastKnownFileType = sourcecode.swift; path = HTTPClient.swift; sourceTree = "<group>"; };
		ECE18D3F28819534003629AB /* HTTPRequest.swift */ = {isa = PBXFileReference; lastKnownFileType = sourcecode.swift; path = HTTPRequest.swift; sourceTree = "<group>"; };
		ECE18D4128819554003629AB /* HTTPrequestError.swift */ = {isa = PBXFileReference; lastKnownFileType = sourcecode.swift; path = HTTPrequestError.swift; sourceTree = "<group>"; };
		ECE18D4328819769003629AB /* Constants.swift */ = {isa = PBXFileReference; lastKnownFileType = sourcecode.swift; path = Constants.swift; sourceTree = "<group>"; };
		ECE18D4728819DBB003629AB /* Main.storyboard */ = {isa = PBXFileReference; lastKnownFileType = file.storyboard; path = Main.storyboard; sourceTree = "<group>"; };
		ECE18D4A28819DE0003629AB /* MainViewModel.swift */ = {isa = PBXFileReference; lastKnownFileType = sourcecode.swift; path = MainViewModel.swift; sourceTree = "<group>"; };
		ECE18D4C28819E13003629AB /* ContactCell.swift */ = {isa = PBXFileReference; lastKnownFileType = sourcecode.swift; path = ContactCell.swift; sourceTree = "<group>"; };
		ECE18D502881B578003629AB /* UIColor + Extensions.swift */ = {isa = PBXFileReference; lastKnownFileType = sourcecode.swift; path = "UIColor + Extensions.swift"; sourceTree = "<group>"; };
		ECF23A142882B05600551AC8 /* MainScreenView.swift */ = {isa = PBXFileReference; lastKnownFileType = sourcecode.swift; path = MainScreenView.swift; sourceTree = "<group>"; };
		ECF23A172882B08B00551AC8 /* MainScreenViewModel.swift */ = {isa = PBXFileReference; lastKnownFileType = sourcecode.swift; path = MainScreenViewModel.swift; sourceTree = "<group>"; };
		ECF23A192882B09F00551AC8 /* MainScreenViewController.swift */ = {isa = PBXFileReference; lastKnownFileType = sourcecode.swift; path = MainScreenViewController.swift; sourceTree = "<group>"; };
		ECF23A1B2882B0CF00551AC8 /* View + Extensions.swift */ = {isa = PBXFileReference; lastKnownFileType = sourcecode.swift; path = "View + Extensions.swift"; sourceTree = "<group>"; };
		ECF23A1E2882B45200551AC8 /* ContactView.swift */ = {isa = PBXFileReference; lastKnownFileType = sourcecode.swift; path = ContactView.swift; sourceTree = "<group>"; };
		ECF23A202882BC4500551AC8 /* Int + Extensions.swift */ = {isa = PBXFileReference; lastKnownFileType = sourcecode.swift; path = "Int + Extensions.swift"; sourceTree = "<group>"; };
		ECF23A222882C0B300551AC8 /* NavigationBar.swift */ = {isa = PBXFileReference; lastKnownFileType = sourcecode.swift; path = NavigationBar.swift; sourceTree = "<group>"; };
		ECF23A252882C41C00551AC8 /* AddContactView.swift */ = {isa = PBXFileReference; lastKnownFileType = sourcecode.swift; path = AddContactView.swift; sourceTree = "<group>"; };
		ECF23A282882C45600551AC8 /* AddContactViewModel_.swift */ = {isa = PBXFileReference; lastKnownFileType = sourcecode.swift; path = AddContactViewModel_.swift; sourceTree = "<group>"; };
		ECF23A2A2882C46400551AC8 /* AddContactViewController_.swift */ = {isa = PBXFileReference; lastKnownFileType = sourcecode.swift; path = AddContactViewController_.swift; sourceTree = "<group>"; };
		ECF23A2C2882C97600551AC8 /* Buttons.swift */ = {isa = PBXFileReference; lastKnownFileType = sourcecode.swift; path = Buttons.swift; sourceTree = "<group>"; };
		ECF23A2F2882CF0800551AC8 /* InputField.swift */ = {isa = PBXFileReference; lastKnownFileType = sourcecode.swift; path = InputField.swift; sourceTree = "<group>"; };
		ECF23A312882DFC500551AC8 /* Validation.swift */ = {isa = PBXFileReference; lastKnownFileType = sourcecode.swift; path = Validation.swift; sourceTree = "<group>"; };
		ECF23A332882E6DA00551AC8 /* Task + Extensions.swift */ = {isa = PBXFileReference; lastKnownFileType = sourcecode.swift; path = "Task + Extensions.swift"; sourceTree = "<group>"; };
		ECF23A352882E83500551AC8 /* ContactsDataSource.swift */ = {isa = PBXFileReference; lastKnownFileType = sourcecode.swift; path = ContactsDataSource.swift; sourceTree = "<group>"; };
/* End PBXFileReference section */

/* Begin PBXFrameworksBuildPhase section */
		ECE18D1828818E4A003629AB /* Frameworks */ = {
			isa = PBXFrameworksBuildPhase;
			buildActionMask = 2147483647;
			files = (
			);
			runOnlyForDeploymentPostprocessing = 0;
		};
/* End PBXFrameworksBuildPhase section */

/* Begin PBXGroup section */
		ECBEEF012881DA6E00282F3D /* AddContact */ = {
			isa = PBXGroup;
			children = (
				ECBEEEFF2881DA6A00282F3D /* AddContactViewController.swift */,
				ECBEEF022881DA7700282F3D /* AddContactViewModel.swift */,
			);
			path = AddContact;
			sourceTree = "<group>";
		};
		ECE18D1228818E4A003629AB = {
			isa = PBXGroup;
			children = (
				ECE18D1D28818E4A003629AB /* PagoApp */,
				ECE18D1C28818E4A003629AB /* Products */,
			);
			sourceTree = "<group>";
		};
		ECE18D1C28818E4A003629AB /* Products */ = {
			isa = PBXGroup;
			children = (
				ECE18D1B28818E4A003629AB /* PagoApp.app */,
			);
			name = Products;
			sourceTree = "<group>";
		};
		ECE18D1D28818E4A003629AB /* PagoApp */ = {
			isa = PBXGroup;
			children = (
				ECE18D1E28818E4A003629AB /* AppDelegate.swift */,
				ECE18D2028818E4A003629AB /* SceneDelegate.swift */,
				ECE18D4328819769003629AB /* Constants.swift */,
				ECF23A352882E83500551AC8 /* ContactsDataSource.swift */,
				ECF23A242882C40500551AC8 /* SwiftUI */,
				ECE18D4928819DD7003629AB /* UIKit */,
				ECE18D522881BD3A003629AB /* StyleSheet */,
				ECE18D3A288191B4003629AB /* Services */,
				ECF23A2E2882CEF700551AC8 /* Reusables */,
				ECF23A1D2882B0D200551AC8 /* Utils */,
				ECE18D3728819170003629AB /* Model */,
				ECE18D2A28818E4B003629AB /* Assets.xcassets */,
				ECE18D2C28818E4B003629AB /* LaunchScreen.storyboard */,
				ECE18D4728819DBB003629AB /* Main.storyboard */,
				ECE18D2F28818E4B003629AB /* Info.plist */,
				ECE18D2728818E4A003629AB /* PagoApp.xcdatamodeld */,
			);
			path = PagoApp;
			sourceTree = "<group>";
		};
		ECE18D3728819170003629AB /* Model */ = {
			isa = PBXGroup;
			children = (
				ECE18D352881916A003629AB /* ContactModel.swift */,
			);
			path = Model;
			sourceTree = "<group>";
		};
		ECE18D3A288191B4003629AB /* Services */ = {
			isa = PBXGroup;
			children = (
				ECE18D38288191AA003629AB /* BackendService.swift */,
				ECE18D3B28819432003629AB /* HTTPClient + Configuration.swift */,
				ECE18D3D288194A2003629AB /* HTTPClient.swift */,
				ECE18D3F28819534003629AB /* HTTPRequest.swift */,
				ECE18D4128819554003629AB /* HTTPrequestError.swift */,
			);
			path = Services;
			sourceTree = "<group>";
		};
		ECE18D4928819DD7003629AB /* UIKit */ = {
			isa = PBXGroup;
			children = (
				ECBEEF012881DA6E00282F3D /* AddContact */,
				ECF23A132882AFE400551AC8 /* MainViewController */,
				ECE18D532881BD4B003629AB /* Cells */,
			);
			path = UIKit;
			sourceTree = "<group>";
		};
		ECE18D522881BD3A003629AB /* StyleSheet */ = {
			isa = PBXGroup;
			children = (
				ECE18D502881B578003629AB /* UIColor + Extensions.swift */,
			);
			path = StyleSheet;
			sourceTree = "<group>";
		};
		ECE18D532881BD4B003629AB /* Cells */ = {
			isa = PBXGroup;
			children = (
				ECE18D4C28819E13003629AB /* ContactCell.swift */,
			);
			path = Cells;
			sourceTree = "<group>";
		};
		ECF23A132882AFE400551AC8 /* MainViewController */ = {
			isa = PBXGroup;
			children = (
				ECE18D2228818E4A003629AB /* MainViewController.swift */,
				ECE18D4A28819DE0003629AB /* MainViewModel.swift */,
			);
			path = MainViewController;
			sourceTree = "<group>";
		};
		ECF23A162882B07100551AC8 /* MainScren */ = {
			isa = PBXGroup;
			children = (
				ECF23A142882B05600551AC8 /* MainScreenView.swift */,
				ECF23A1E2882B45200551AC8 /* ContactView.swift */,
				ECF23A172882B08B00551AC8 /* MainScreenViewModel.swift */,
				ECF23A192882B09F00551AC8 /* MainScreenViewController.swift */,
			);
			path = MainScren;
			sourceTree = "<group>";
		};
		ECF23A1D2882B0D200551AC8 /* Utils */ = {
			isa = PBXGroup;
			children = (
				ECF23A1B2882B0CF00551AC8 /* View + Extensions.swift */,
				ECF23A312882DFC500551AC8 /* Validation.swift */,
				ECF23A202882BC4500551AC8 /* Int + Extensions.swift */,
				ECF23A332882E6DA00551AC8 /* Task + Extensions.swift */,
			);
			path = Utils;
			sourceTree = "<group>";
		};
		ECF23A242882C40500551AC8 /* SwiftUI */ = {
			isa = PBXGroup;
			children = (
				ECF23A162882B07100551AC8 /* MainScren */,
				ECF23A272882C41F00551AC8 /* AddContact */,
			);
			path = SwiftUI;
			sourceTree = "<group>";
		};
		ECF23A272882C41F00551AC8 /* AddContact */ = {
			isa = PBXGroup;
			children = (
				ECF23A252882C41C00551AC8 /* AddContactView.swift */,
				ECF23A282882C45600551AC8 /* AddContactViewModel_.swift */,
				ECF23A2A2882C46400551AC8 /* AddContactViewController_.swift */,
			);
			path = AddContact;
			sourceTree = "<group>";
		};
		ECF23A2E2882CEF700551AC8 /* Reusables */ = {
			isa = PBXGroup;
			children = (
				ECF23A2C2882C97600551AC8 /* Buttons.swift */,
				ECF23A2F2882CF0800551AC8 /* InputField.swift */,
				ECF23A222882C0B300551AC8 /* NavigationBar.swift */,
			);
			path = Reusables;
			sourceTree = "<group>";
		};
/* End PBXGroup section */

/* Begin PBXNativeTarget section */
		ECE18D1A28818E4A003629AB /* PagoApp */ = {
			isa = PBXNativeTarget;
			buildConfigurationList = ECE18D3228818E4B003629AB /* Build configuration list for PBXNativeTarget "PagoApp" */;
			buildPhases = (
				ECE18D1728818E4A003629AB /* Sources */,
				ECE18D1828818E4A003629AB /* Frameworks */,
				ECE18D1928818E4A003629AB /* Resources */,
			);
			buildRules = (
			);
			dependencies = (
			);
			name = PagoApp;
			productName = PagoApp;
			productReference = ECE18D1B28818E4A003629AB /* PagoApp.app */;
			productType = "com.apple.product-type.application";
		};
/* End PBXNativeTarget section */

/* Begin PBXProject section */
		ECE18D1328818E4A003629AB /* Project object */ = {
			isa = PBXProject;
			attributes = {
				BuildIndependentTargetsInParallel = 1;
				LastSwiftUpdateCheck = 1400;
				LastUpgradeCheck = 1400;
				TargetAttributes = {
					ECE18D1A28818E4A003629AB = {
						CreatedOnToolsVersion = 14.0;
					};
				};
			};
			buildConfigurationList = ECE18D1628818E4A003629AB /* Build configuration list for PBXProject "PagoApp" */;
			compatibilityVersion = "Xcode 13.0";
			developmentRegion = en;
			hasScannedForEncodings = 0;
			knownRegions = (
				en,
				Base,
			);
			mainGroup = ECE18D1228818E4A003629AB;
			productRefGroup = ECE18D1C28818E4A003629AB /* Products */;
			projectDirPath = "";
			projectRoot = "";
			targets = (
				ECE18D1A28818E4A003629AB /* PagoApp */,
			);
		};
/* End PBXProject section */

/* Begin PBXResourcesBuildPhase section */
		ECE18D1928818E4A003629AB /* Resources */ = {
			isa = PBXResourcesBuildPhase;
			buildActionMask = 2147483647;
			files = (
				ECE18D4828819DBB003629AB /* Main.storyboard in Resources */,
				ECE18D2E28818E4B003629AB /* LaunchScreen.storyboard in Resources */,
				ECE18D2B28818E4B003629AB /* Assets.xcassets in Resources */,
			);
			runOnlyForDeploymentPostprocessing = 0;
		};
/* End PBXResourcesBuildPhase section */

/* Begin PBXSourcesBuildPhase section */
		ECE18D1728818E4A003629AB /* Sources */ = {
			isa = PBXSourcesBuildPhase;
			buildActionMask = 2147483647;
			files = (
				ECF23A2D2882C97600551AC8 /* Buttons.swift in Sources */,
				ECBEEF002881DA6A00282F3D /* AddContactViewController.swift in Sources */,
				ECE18D3C28819432003629AB /* HTTPClient + Configuration.swift in Sources */,
				ECF23A302882CF0800551AC8 /* InputField.swift in Sources */,
				ECE18D4428819769003629AB /* Constants.swift in Sources */,
				ECE18D2928818E4A003629AB /* PagoApp.xcdatamodeld in Sources */,
				ECF23A1F2882B45200551AC8 /* ContactView.swift in Sources */,
				ECF23A292882C45600551AC8 /* AddContactViewModel_.swift in Sources */,
				ECF23A212882BC4500551AC8 /* Int + Extensions.swift in Sources */,
				ECF23A232882C0B300551AC8 /* NavigationBar.swift in Sources */,
				ECE18D4D28819E13003629AB /* ContactCell.swift in Sources */,
				ECF23A182882B08B00551AC8 /* MainScreenViewModel.swift in Sources */,
				ECBEEF032881DA7700282F3D /* AddContactViewModel.swift in Sources */,
				ECF23A1C2882B0CF00551AC8 /* View + Extensions.swift in Sources */,
				ECF23A322882DFC500551AC8 /* Validation.swift in Sources */,
				ECE18D3E288194A2003629AB /* HTTPClient.swift in Sources */,
				ECF23A152882B05600551AC8 /* MainScreenView.swift in Sources */,
				ECE18D2328818E4A003629AB /* MainViewController.swift in Sources */,
				ECF23A342882E6DA00551AC8 /* Task + Extensions.swift in Sources */,
				ECF23A1A2882B09F00551AC8 /* MainScreenViewController.swift in Sources */,
				ECF23A262882C41C00551AC8 /* AddContactView.swift in Sources */,
				ECE18D1F28818E4A003629AB /* AppDelegate.swift in Sources */,
				ECE18D362881916A003629AB /* ContactModel.swift in Sources */,
				ECE18D4228819554003629AB /* HTTPrequestError.swift in Sources */,
				ECE18D4028819534003629AB /* HTTPRequest.swift in Sources */,
				ECE18D39288191AA003629AB /* BackendService.swift in Sources */,
				ECE18D2128818E4A003629AB /* SceneDelegate.swift in Sources */,
				ECF23A2B2882C46400551AC8 /* AddContactViewController_.swift in Sources */,
				ECF23A362882E83500551AC8 /* ContactsDataSource.swift in Sources */,
				ECE18D4B28819DE0003629AB /* MainViewModel.swift in Sources */,
				ECE18D512881B578003629AB /* UIColor + Extensions.swift in Sources */,
			);
			runOnlyForDeploymentPostprocessing = 0;
		};
/* End PBXSourcesBuildPhase section */

/* Begin PBXVariantGroup section */
		ECE18D2C28818E4B003629AB /* LaunchScreen.storyboard */ = {
			isa = PBXVariantGroup;
			children = (
				ECE18D2D28818E4B003629AB /* Base */,
			);
			name = LaunchScreen.storyboard;
			sourceTree = "<group>";
		};
/* End PBXVariantGroup section */

/* Begin XCBuildConfiguration section */
		ECE18D3028818E4B003629AB /* Debug */ = {
			isa = XCBuildConfiguration;
			buildSettings = {
				ALWAYS_SEARCH_USER_PATHS = NO;
				CLANG_ANALYZER_NONNULL = YES;
				CLANG_ANALYZER_NUMBER_OBJECT_CONVERSION = YES_AGGRESSIVE;
				CLANG_CXX_LANGUAGE_STANDARD = "gnu++20";
				CLANG_ENABLE_MODULES = YES;
				CLANG_ENABLE_OBJC_ARC = YES;
				CLANG_ENABLE_OBJC_WEAK = YES;
				CLANG_WARN_BLOCK_CAPTURE_AUTORELEASING = YES;
				CLANG_WARN_BOOL_CONVERSION = YES;
				CLANG_WARN_COMMA = YES;
				CLANG_WARN_CONSTANT_CONVERSION = YES;
				CLANG_WARN_DEPRECATED_OBJC_IMPLEMENTATIONS = YES;
				CLANG_WARN_DIRECT_OBJC_ISA_USAGE = YES_ERROR;
				CLANG_WARN_DOCUMENTATION_COMMENTS = YES;
				CLANG_WARN_EMPTY_BODY = YES;
				CLANG_WARN_ENUM_CONVERSION = YES;
				CLANG_WARN_INFINITE_RECURSION = YES;
				CLANG_WARN_INT_CONVERSION = YES;
				CLANG_WARN_NON_LITERAL_NULL_CONVERSION = YES;
				CLANG_WARN_OBJC_IMPLICIT_RETAIN_SELF = YES;
				CLANG_WARN_OBJC_LITERAL_CONVERSION = YES;
				CLANG_WARN_OBJC_ROOT_CLASS = YES_ERROR;
				CLANG_WARN_QUOTED_INCLUDE_IN_FRAMEWORK_HEADER = YES;
				CLANG_WARN_RANGE_LOOP_ANALYSIS = YES;
				CLANG_WARN_STRICT_PROTOTYPES = YES;
				CLANG_WARN_SUSPICIOUS_MOVE = YES;
				CLANG_WARN_UNGUARDED_AVAILABILITY = YES_AGGRESSIVE;
				CLANG_WARN_UNREACHABLE_CODE = YES;
				CLANG_WARN__DUPLICATE_METHOD_MATCH = YES;
				COPY_PHASE_STRIP = NO;
				DEBUG_INFORMATION_FORMAT = dwarf;
				ENABLE_STRICT_OBJC_MSGSEND = YES;
				ENABLE_TESTABILITY = YES;
				GCC_C_LANGUAGE_STANDARD = gnu11;
				GCC_DYNAMIC_NO_PIC = NO;
				GCC_NO_COMMON_BLOCKS = YES;
				GCC_OPTIMIZATION_LEVEL = 0;
				GCC_PREPROCESSOR_DEFINITIONS = (
					"DEBUG=1",
					"$(inherited)",
				);
				GCC_WARN_64_TO_32_BIT_CONVERSION = YES;
				GCC_WARN_ABOUT_RETURN_TYPE = YES_ERROR;
				GCC_WARN_UNDECLARED_SELECTOR = YES;
				GCC_WARN_UNINITIALIZED_AUTOS = YES_AGGRESSIVE;
				GCC_WARN_UNUSED_FUNCTION = YES;
				GCC_WARN_UNUSED_VARIABLE = YES;
				IPHONEOS_DEPLOYMENT_TARGET = 15.0;
				MTL_ENABLE_DEBUG_INFO = INCLUDE_SOURCE;
				MTL_FAST_MATH = YES;
				ONLY_ACTIVE_ARCH = YES;
				SDKROOT = iphoneos;
				SWIFT_ACTIVE_COMPILATION_CONDITIONS = DEBUG;
				SWIFT_OPTIMIZATION_LEVEL = "-Onone";
			};
			name = Debug;
		};
		ECE18D3128818E4B003629AB /* Release */ = {
			isa = XCBuildConfiguration;
			buildSettings = {
				ALWAYS_SEARCH_USER_PATHS = NO;
				CLANG_ANALYZER_NONNULL = YES;
				CLANG_ANALYZER_NUMBER_OBJECT_CONVERSION = YES_AGGRESSIVE;
				CLANG_CXX_LANGUAGE_STANDARD = "gnu++20";
				CLANG_ENABLE_MODULES = YES;
				CLANG_ENABLE_OBJC_ARC = YES;
				CLANG_ENABLE_OBJC_WEAK = YES;
				CLANG_WARN_BLOCK_CAPTURE_AUTORELEASING = YES;
				CLANG_WARN_BOOL_CONVERSION = YES;
				CLANG_WARN_COMMA = YES;
				CLANG_WARN_CONSTANT_CONVERSION = YES;
				CLANG_WARN_DEPRECATED_OBJC_IMPLEMENTATIONS = YES;
				CLANG_WARN_DIRECT_OBJC_ISA_USAGE = YES_ERROR;
				CLANG_WARN_DOCUMENTATION_COMMENTS = YES;
				CLANG_WARN_EMPTY_BODY = YES;
				CLANG_WARN_ENUM_CONVERSION = YES;
				CLANG_WARN_INFINITE_RECURSION = YES;
				CLANG_WARN_INT_CONVERSION = YES;
				CLANG_WARN_NON_LITERAL_NULL_CONVERSION = YES;
				CLANG_WARN_OBJC_IMPLICIT_RETAIN_SELF = YES;
				CLANG_WARN_OBJC_LITERAL_CONVERSION = YES;
				CLANG_WARN_OBJC_ROOT_CLASS = YES_ERROR;
				CLANG_WARN_QUOTED_INCLUDE_IN_FRAMEWORK_HEADER = YES;
				CLANG_WARN_RANGE_LOOP_ANALYSIS = YES;
				CLANG_WARN_STRICT_PROTOTYPES = YES;
				CLANG_WARN_SUSPICIOUS_MOVE = YES;
				CLANG_WARN_UNGUARDED_AVAILABILITY = YES_AGGRESSIVE;
				CLANG_WARN_UNREACHABLE_CODE = YES;
				CLANG_WARN__DUPLICATE_METHOD_MATCH = YES;
				COPY_PHASE_STRIP = NO;
				DEBUG_INFORMATION_FORMAT = "dwarf-with-dsym";
				ENABLE_NS_ASSERTIONS = NO;
				ENABLE_STRICT_OBJC_MSGSEND = YES;
				GCC_C_LANGUAGE_STANDARD = gnu11;
				GCC_NO_COMMON_BLOCKS = YES;
				GCC_WARN_64_TO_32_BIT_CONVERSION = YES;
				GCC_WARN_ABOUT_RETURN_TYPE = YES_ERROR;
				GCC_WARN_UNDECLARED_SELECTOR = YES;
				GCC_WARN_UNINITIALIZED_AUTOS = YES_AGGRESSIVE;
				GCC_WARN_UNUSED_FUNCTION = YES;
				GCC_WARN_UNUSED_VARIABLE = YES;
				IPHONEOS_DEPLOYMENT_TARGET = 15.0;
				MTL_ENABLE_DEBUG_INFO = NO;
				MTL_FAST_MATH = YES;
				SDKROOT = iphoneos;
				SWIFT_COMPILATION_MODE = wholemodule;
				SWIFT_OPTIMIZATION_LEVEL = "-O";
				VALIDATE_PRODUCT = YES;
			};
			name = Release;
		};
		ECE18D3328818E4B003629AB /* Debug */ = {
			isa = XCBuildConfiguration;
			buildSettings = {
				ASSETCATALOG_COMPILER_APPICON_NAME = AppIcon;
				ASSETCATALOG_COMPILER_GLOBAL_ACCENT_COLOR_NAME = AccentColor;
				CODE_SIGN_STYLE = Automatic;
				CURRENT_PROJECT_VERSION = 1;
				DEVELOPMENT_TEAM = 336L6VF32A;
				GENERATE_INFOPLIST_FILE = YES;
				INFOPLIST_FILE = PagoApp/Info.plist;
				INFOPLIST_KEY_UIApplicationSupportsIndirectInputEvents = YES;
				INFOPLIST_KEY_UILaunchStoryboardName = LaunchScreen;
				INFOPLIST_KEY_UISupportedInterfaceOrientations_iPad = "UIInterfaceOrientationPortrait UIInterfaceOrientationPortraitUpsideDown UIInterfaceOrientationLandscapeLeft UIInterfaceOrientationLandscapeRight";
				INFOPLIST_KEY_UISupportedInterfaceOrientations_iPhone = "UIInterfaceOrientationPortrait UIInterfaceOrientationLandscapeLeft UIInterfaceOrientationLandscapeRight";
				IPHONEOS_DEPLOYMENT_TARGET = 15.0;
				LD_RUNPATH_SEARCH_PATHS = (
					"$(inherited)",
					"@executable_path/Frameworks",
				);
				MARKETING_VERSION = 1.0;
				PRODUCT_BUNDLE_IDENTIFIER = com.sergiucorbu.com.PagoApp;
				PRODUCT_NAME = "$(TARGET_NAME)";
				SWIFT_EMIT_LOC_STRINGS = YES;
				SWIFT_VERSION = 5.0;
				TARGETED_DEVICE_FAMILY = "1,2";
			};
			name = Debug;
		};
		ECE18D3428818E4B003629AB /* Release */ = {
			isa = XCBuildConfiguration;
			buildSettings = {
				ASSETCATALOG_COMPILER_APPICON_NAME = AppIcon;
				ASSETCATALOG_COMPILER_GLOBAL_ACCENT_COLOR_NAME = AccentColor;
				CODE_SIGN_STYLE = Automatic;
				CURRENT_PROJECT_VERSION = 1;
				DEVELOPMENT_TEAM = 336L6VF32A;
				GENERATE_INFOPLIST_FILE = YES;
				INFOPLIST_FILE = PagoApp/Info.plist;
				INFOPLIST_KEY_UIApplicationSupportsIndirectInputEvents = YES;
				INFOPLIST_KEY_UILaunchStoryboardName = LaunchScreen;
				INFOPLIST_KEY_UISupportedInterfaceOrientations_iPad = "UIInterfaceOrientationPortrait UIInterfaceOrientationPortraitUpsideDown UIInterfaceOrientationLandscapeLeft UIInterfaceOrientationLandscapeRight";
				INFOPLIST_KEY_UISupportedInterfaceOrientations_iPhone = "UIInterfaceOrientationPortrait UIInterfaceOrientationLandscapeLeft UIInterfaceOrientationLandscapeRight";
				IPHONEOS_DEPLOYMENT_TARGET = 15.0;
				LD_RUNPATH_SEARCH_PATHS = (
					"$(inherited)",
					"@executable_path/Frameworks",
				);
				MARKETING_VERSION = 1.0;
				PRODUCT_BUNDLE_IDENTIFIER = com.sergiucorbu.com.PagoApp;
				PRODUCT_NAME = "$(TARGET_NAME)";
				SWIFT_EMIT_LOC_STRINGS = YES;
				SWIFT_VERSION = 5.0;
				TARGETED_DEVICE_FAMILY = "1,2";
			};
			name = Release;
		};
/* End XCBuildConfiguration section */

/* Begin XCConfigurationList section */
		ECE18D1628818E4A003629AB /* Build configuration list for PBXProject "PagoApp" */ = {
			isa = XCConfigurationList;
			buildConfigurations = (
				ECE18D3028818E4B003629AB /* Debug */,
				ECE18D3128818E4B003629AB /* Release */,
			);
			defaultConfigurationIsVisible = 0;
			defaultConfigurationName = Release;
		};
		ECE18D3228818E4B003629AB /* Build configuration list for PBXNativeTarget "PagoApp" */ = {
			isa = XCConfigurationList;
			buildConfigurations = (
				ECE18D3328818E4B003629AB /* Debug */,
				ECE18D3428818E4B003629AB /* Release */,
			);
			defaultConfigurationIsVisible = 0;
			defaultConfigurationName = Release;
		};
/* End XCConfigurationList section */

/* Begin XCVersionGroup section */
		ECE18D2728818E4A003629AB /* PagoApp.xcdatamodeld */ = {
			isa = XCVersionGroup;
			children = (
				ECE18D2828818E4A003629AB /* PagoApp.xcdatamodel */,
			);
			currentVersion = ECE18D2828818E4A003629AB /* PagoApp.xcdatamodel */;
			path = PagoApp.xcdatamodeld;
			sourceTree = "<group>";
			versionGroupType = wrapper.xcdatamodel;
		};
/* End XCVersionGroup section */
	};
	rootObject = ECE18D1328818E4A003629AB /* Project object */;
}
